Microsoft Visual Studio Solution File, Format Version 12.00
# Visual Studio Version 17
VisualStudioVersion = 17.5.2.0
MinimumVisualStudioVersion = 10.0.40219.1
Project("{FAE04EC0-301F-11D3-BF4B-00C04F79EFBC}") = "WormholeGame", "WormholeGame.csproj", "{B2A2EB6F-FE40-FC99-547A-412B595D0A59}"
EndProject
Global
	GlobalSection(SolutionConfigurationPlatforms) = preSolution
		Debug|Any CPU = Debug|Any CPU
		Release|Any CPU = Release|Any CPU
	EndGlobalSection
	GlobalSection(ProjectConfigurationPlatforms) = postSolution
		{B2A2EB6F-FE40-FC99-547A-412B595D0A59}.Debug|Any CPU.ActiveCfg = Debug|Any CPU
		{B2A2EB6F-FE40-FC99-547A-412B595D0A59}.Debug|Any CPU.Build.0 = Debug|Any CPU
		{B2A2EB6F-FE40-FC99-547A-412B595D0A59}.Release|Any CPU.ActiveCfg = Release|Any CPU
		{B2A2EB6F-FE40-FC99-547A-412B595D0A59}.Release|Any CPU.Build.0 = Release|Any CPU
	EndGlobalSection
	GlobalSection(SolutionProperties) = preSolution
		HideSolutionNode = FALSE
	EndGlobalSection
	GlobalSection(ExtensibilityGlobals) = postSolution
		SolutionGuid = {0B2D5F90-69BF-468A-9F71-CFD7C5C08340}
	EndGlobalSection
EndGlobal
